// !$*UTF8*$!
{
	archiveVersion = 1;
	classes = {
	};
	objectVersion = 46;
	objects = {

/* Begin PBXBuildFile section */
		11E9203B1D0D8C4300949D78 /* main.m in Sources */ = {isa = PBXBuildFile; fileRef = 11E9203A1D0D8C4300949D78 /* main.m */; };
		11E9203E1D0D8C4300949D78 /* AppDelegate.m in Sources */ = {isa = PBXBuildFile; fileRef = 11E9203D1D0D8C4300949D78 /* AppDelegate.m */; };
		11E920411D0D8C4300949D78 /* ViewController.m in Sources */ = {isa = PBXBuildFile; fileRef = 11E920401D0D8C4300949D78 /* ViewController.m */; };
		11E920441D0D8C4300949D78 /* Main.storyboard in Resources */ = {isa = PBXBuildFile; fileRef = 11E920421D0D8C4300949D78 /* Main.storyboard */; };
		11E920461D0D8C4300949D78 /* Assets.xcassets in Resources */ = {isa = PBXBuildFile; fileRef = 11E920451D0D8C4300949D78 /* Assets.xcassets */; };
		11E920491D0D8C4300949D78 /* LaunchScreen.storyboard in Resources */ = {isa = PBXBuildFile; fileRef = 11E920471D0D8C4300949D78 /* LaunchScreen.storyboard */; };
		11E920541D0D8C4300949D78 /* predicateTests.m in Sources */ = {isa = PBXBuildFile; fileRef = 11E920531D0D8C4300949D78 /* predicateTests.m */; };
/* End PBXBuildFile section */

/* Begin PBXContainerItemProxy section */
		11E920501D0D8C4300949D78 /* PBXContainerItemProxy */ = {
			isa = PBXContainerItemProxy;
			containerPortal = 11E9202E1D0D8C4300949D78 /* Project object */;
			proxyType = 1;
			remoteGlobalIDString = 11E920351D0D8C4300949D78;
			remoteInfo = predicate;
		};
/* End PBXContainerItemProxy section */

/* Begin PBXFileReference section */
		11E920361D0D8C4300949D78 /* predicate.app */ = {isa = PBXFileReference; explicitFileType = wrapper.application; includeInIndex = 0; path = predicate.app; sourceTree = BUILT_PRODUCTS_DIR; };
		11E9203A1D0D8C4300949D78 /* main.m */ = {isa = PBXFileReference; lastKnownFileType = sourcecode.c.objc; path = main.m; sourceTree = "<group>"; };
		11E9203C1D0D8C4300949D78 /* AppDelegate.h */ = {isa = PBXFileReference; lastKnownFileType = sourcecode.c.h; path = AppDelegate.h; sourceTree = "<group>"; };
		11E9203D1D0D8C4300949D78 /* AppDelegate.m */ = {isa = PBXFileReference; lastKnownFileType = sourcecode.c.objc; path = AppDelegate.m; sourceTree = "<group>"; };
		11E9203F1D0D8C4300949D78 /* ViewController.h */ = {isa = PBXFileReference; lastKnownFileType = sourcecode.c.h; path = ViewController.h; sourceTree = "<group>"; };
		11E920401D0D8C4300949D78 /* ViewController.m */ = {isa = PBXFileReference; lastKnownFileType = sourcecode.c.objc; path = ViewController.m; sourceTree = "<group>"; };
		11E920431D0D8C4300949D78 /* Base */ = {isa = PBXFileReference; lastKnownFileType = file.storyboard; name = Base; path = Base.lproj/Main.storyboard; sourceTree = "<group>"; };
		11E920451D0D8C4300949D78 /* Assets.xcassets */ = {isa = PBXFileReference; lastKnownFileType = folder.assetcatalog; path = Assets.xcassets; sourceTree = "<group>"; };
		11E920481D0D8C4300949D78 /* Base */ = {isa = PBXFileReference; lastKnownFileType = file.storyboard; name = Base; path = Base.lproj/LaunchScreen.storyboard; sourceTree = "<group>"; };
		11E9204A1D0D8C4300949D78 /* Info.plist */ = {isa = PBXFileReference; lastKnownFileType = text.plist.xml; path = Info.plist; sourceTree = "<group>"; };
		11E9204F1D0D8C4300949D78 /* predicateTests.xctest */ = {isa = PBXFileReference; explicitFileType = wrapper.cfbundle; includeInIndex = 0; path = predicateTests.xctest; sourceTree = BUILT_PRODUCTS_DIR; };
		11E920531D0D8C4300949D78 /* predicateTests.m */ = {isa = PBXFileReference; lastKnownFileType = sourcecode.c.objc; path = predicateTests.m; sourceTree = "<group>"; };
		11E920551D0D8C4300949D78 /* Info.plist */ = {isa = PBXFileReference; lastKnownFileType = text.plist.xml; path = Info.plist; sourceTree = "<group>"; };
/* End PBXFileReference section */

/* Begin PBXFrameworksBuildPhase section */
		11E920331D0D8C4300949D78 /* Frameworks */ = {
			isa = PBXFrameworksBuildPhase;
			buildActionMask = 2147483647;
			files = (
			);
			runOnlyForDeploymentPostprocessing = 0;
		};
		11E9204C1D0D8C4300949D78 /* Frameworks */ = {
			isa = PBXFrameworksBuildPhase;
			buildActionMask = 2147483647;
			files = (
			);
			runOnlyForDeploymentPostprocessing = 0;
		};
/* End PBXFrameworksBuildPhase section */

/* Begin PBXGroup section */
		11E9202D1D0D8C4300949D78 = {
			isa = PBXGroup;
			children = (
				11E920381D0D8C4300949D78 /* predicate */,
				11E920521D0D8C4300949D78 /* predicateTests */,
				11E920371D0D8C4300949D78 /* Products */,
			);
			sourceTree = "<group>";
		};
		11E920371D0D8C4300949D78 /* Products */ = {
			isa = PBXGroup;
			children = (
				11E920361D0D8C4300949D78 /* predicate.app */,
				11E9204F1D0D8C4300949D78 /* predicateTests.xctest */,
			);
			name = Products;
			sourceTree = "<group>";
		};
		11E920381D0D8C4300949D78 /* predicate */ = {
			isa = PBXGroup;
			children = (
				11E9203C1D0D8C4300949D78 /* AppDelegate.h */,
				11E9203D1D0D8C4300949D78 /* AppDelegate.m */,
				11E9203F1D0D8C4300949D78 /* ViewController.h */,
				11E920401D0D8C4300949D78 /* ViewController.m */,
				11E920421D0D8C4300949D78 /* Main.storyboard */,
				11E920451D0D8C4300949D78 /* Assets.xcassets */,
				11E920471D0D8C4300949D78 /* LaunchScreen.storyboard */,
				11E9204A1D0D8C4300949D78 /* Info.plist */,
				11E920391D0D8C4300949D78 /* Supporting Files */,
			);
			path = predicate;
			sourceTree = "<group>";
		};
		11E920391D0D8C4300949D78 /* Supporting Files */ = {
			isa = PBXGroup;
			children = (
				11E9203A1D0D8C4300949D78 /* main.m */,
			);
			name = "Supporting Files";
			sourceTree = "<group>";
		};
		11E920521D0D8C4300949D78 /* predicateTests */ = {
			isa = PBXGroup;
			children = (
				11E920531D0D8C4300949D78 /* predicateTests.m */,
				11E920551D0D8C4300949D78 /* Info.plist */,
			);
			path = predicateTests;
			sourceTree = "<group>";
		};
/* End PBXGroup section */

/* Begin PBXNativeTarget section */
		11E920351D0D8C4300949D78 /* predicate */ = {
			isa = PBXNativeTarget;
			buildConfigurationList = 11E920581D0D8C4300949D78 /* Build configuration list for PBXNativeTarget "predicate" */;
			buildPhases = (
				11E920321D0D8C4300949D78 /* Sources */,
				11E920331D0D8C4300949D78 /* Frameworks */,
				11E920341D0D8C4300949D78 /* Resources */,
			);
			buildRules = (
			);
			dependencies = (
			);
			name = predicate;
			productName = predicate;
			productReference = 11E920361D0D8C4300949D78 /* predicate.app */;
			productType = "com.apple.product-type.application";
		};
		11E9204E1D0D8C4300949D78 /* predicateTests */ = {
			isa = PBXNativeTarget;
			buildConfigurationList = 11E9205B1D0D8C4300949D78 /* Build configuration list for PBXNativeTarget "predicateTests" */;
			buildPhases = (
				11E9204B1D0D8C4300949D78 /* Sources */,
				11E9204C1D0D8C4300949D78 /* Frameworks */,
				11E9204D1D0D8C4300949D78 /* Resources */,
			);
			buildRules = (
			);
			dependencies = (
				11E920511D0D8C4300949D78 /* PBXTargetDependency */,
			);
			name = predicateTests;
			productName = predicateTests;
			productReference = 11E9204F1D0D8C4300949D78 /* predicateTests.xctest */;
			productType = "com.apple.product-type.bundle.unit-test";
		};
/* End PBXNativeTarget section */

/* Begin PBXProject section */
		11E9202E1D0D8C4300949D78 /* Project object */ = {
			isa = PBXProject;
			attributes = {
				LastUpgradeCheck = 0730;
				ORGANIZATIONNAME = JustBen;
				TargetAttributes = {
					11E920351D0D8C4300949D78 = {
						CreatedOnToolsVersion = 7.3;
					};
					11E9204E1D0D8C4300949D78 = {
						CreatedOnToolsVersion = 7.3;
						TestTargetID = 11E920351D0D8C4300949D78;
					};
				};
			};
			buildConfigurationList = 11E920311D0D8C4300949D78 /* Build configuration list for PBXProject "predicate" */;
			compatibilityVersion = "Xcode 3.2";
			developmentRegion = English;
			hasScannedForEncodings = 0;
			knownRegions = (
				en,
				Base,
			);
			mainGroup = 11E9202D1D0D8C4300949D78;
			productRefGroup = 11E920371D0D8C4300949D78 /* Products */;
			projectDirPath = "";
			projectRoot = "";
			targets = (
				11E920351D0D8C4300949D78 /* predicate */,
				11E9204E1D0D8C4300949D78 /* predicateTests */,
			);
		};
/* End PBXProject section */

/* Begin PBXResourcesBuildPhase section */
		11E920341D0D8C4300949D78 /* Resources */ = {
			isa = PBXResourcesBuildPhase;
			buildActionMask = 2147483647;
			files = (
				11E920491D0D8C4300949D78 /* LaunchScreen.storyboard in Resources */,
				11E920461D0D8C4300949D78 /* Assets.xcassets in Resources */,
				11E920441D0D8C4300949D78 /* Main.storyboard in Resources */,
			);
			runOnlyForDeploymentPostprocessing = 0;
		};
		11E9204D1D0D8C4300949D78 /* Resources */ = {
			isa = PBXResourcesBuildPhase;
			buildActionMask = 2147483647;
			files = (
			);
			runOnlyForDeploymentPostprocessing = 0;
		};
/* End PBXResourcesBuildPhase section */

/* Begin PBXSourcesBuildPhase section */
		11E920321D0D8C4300949D78 /* Sources */ = {
			isa = PBXSourcesBuildPhase;
			buildActionMask = 2147483647;
			files = (
				11E920411D0D8C4300949D78 /* ViewController.m in Sources */,
				11E9203E1D0D8C4300949D78 /* AppDelegate.m in Sources */,
				11E9203B1D0D8C4300949D78 /* main.m in Sources */,
			);
			runOnlyForDeploymentPostprocessing = 0;
		};
		11E9204B1D0D8C4300949D78 /* Sources */ = {
			isa = PBXSourcesBuildPhase;
			buildActionMask = 2147483647;
			files = (
				11E920541D0D8C4300949D78 /* predicateTests.m in Sources */,
			);
			runOnlyForDeploymentPostprocessing = 0;
		};
/* End PBXSourcesBuildPhase section */

/* Begin PBXTargetDependency section */
		11E920511D0D8C4300949D78 /* PBXTargetDependency */ = {
			isa = PBXTargetDependency;
			target = 11E920351D0D8C4300949D78 /* predicate */;
			targetProxy = 11E920501D0D8C4300949D78 /* PBXContainerItemProxy */;
		};
/* End PBXTargetDependency section */

/* Begin PBXVariantGroup section */
		11E920421D0D8C4300949D78 /* Main.storyboard */ = {
			isa = PBXVariantGroup;
			children = (
				11E920431D0D8C4300949D78 /* Base */,
			);
			name = Main.storyboard;
			sourceTree = "<group>";
		};
		11E920471D0D8C4300949D78 /* LaunchScreen.storyboard */ = {
			isa = PBXVariantGroup;
			children = (
				11E920481D0D8C4300949D78 /* Base */,
			);
			name = LaunchScreen.storyboard;
			sourceTree = "<group>";
		};
/* End PBXVariantGroup section */

/* Begin XCBuildConfiguration section */
		11E920561D0D8C4300949D78 /* Debug */ = {
			isa = XCBuildConfiguration;
			buildSettings = {
				ALWAYS_SEARCH_USER_PATHS = NO;
				CLANG_ANALYZER_NONNULL = YES;
				CLANG_CXX_LANGUAGE_STANDARD = "gnu++0x";
				CLANG_CXX_LIBRARY = "libc++";
				CLANG_ENABLE_MODULES = YES;
				CLANG_ENABLE_OBJC_ARC = YES;
				CLANG_WARN_BOOL_CONVERSION = YES;
				CLANG_WARN_CONSTANT_CONVERSION = YES;
				CLANG_WARN_DIRECT_OBJC_ISA_USAGE = YES_ERROR;
				CLANG_WARN_EMPTY_BODY = YES;
				CLANG_WARN_ENUM_CONVERSION = YES;
				CLANG_WARN_INT_CONVERSION = YES;
				CLANG_WARN_OBJC_ROOT_CLASS = YES_ERROR;
				CLANG_WARN_UNREACHABLE_CODE = YES;
				CLANG_WARN__DUPLICATE_METHOD_MATCH = YES;
				"CODE_SIGN_IDENTITY[sdk=iphoneos*]" = "iPhone Developer";
				COPY_PHASE_STRIP = NO;
				DEBUG_INFORMATION_FORMAT = dwarf;
				ENABLE_STRICT_OBJC_MSGSEND = YES;
				ENABLE_TESTABILITY = YES;
				GCC_C_LANGUAGE_STANDARD = gnu99;
				GCC_DYNAMIC_NO_PIC = NO;
				GCC_NO_COMMON_BLOCKS = YES;
				GCC_OPTIMIZATION_LEVEL = 0;
				GCC_PREPROCESSOR_DEFINITIONS = (
					"DEBUG=1",
					"$(inherited)",
				);
				GCC_WARN_64_TO_32_BIT_CONVERSION = YES;
				GCC_WARN_ABOUT_RETURN_TYPE = YES_ERROR;
				GCC_WARN_UNDECLARED_SELECTOR = YES;
				GCC_WARN_UNINITIALIZED_AUTOS = YES_AGGRESSIVE;
				GCC_WARN_UNUSED_FUNCTION = YES;
				GCC_WARN_UNUSED_VARIABLE = YES;
				IPHONEOS_DEPLOYMENT_TARGET = 9.3;
				MTL_ENABLE_DEBUG_INFO = YES;
				ONLY_ACTIVE_ARCH = YES;
				SDKROOT = iphoneos;
				TARGETED_DEVICE_FAMILY = "1,2";
			};
			name = Debug;
		};
		11E920571D0D8C4300949D78 /* Release */ = {
			isa = XCBuildConfiguration;
			buildSettings = {
				ALWAYS_SEARCH_USER_PATHS = NO;
				CLANG_ANALYZER_NONNULL = YES;
				CLANG_CXX_LANGUAGE_STANDARD = "gnu++0x";
				CLANG_CXX_LIBRARY = "libc++";
				CLANG_ENABLE_MODULES = YES;
				CLANG_ENABLE_OBJC_ARC = YES;
				CLANG_WARN_BOOL_CONVERSION = YES;
				CLANG_WARN_CONSTANT_CONVERSION = YES;
				CLANG_WARN_DIRECT_OBJC_ISA_USAGE = YES_ERROR;
				CLANG_WARN_EMPTY_BODY = YES;
				CLANG_WARN_ENUM_CONVERSION = YES;
				CLANG_WARN_INT_CONVERSION = YES;
				CLANG_WARN_OBJC_ROOT_CLASS = YES_ERROR;
				CLANG_WARN_UNREACHABLE_CODE = YES;
				CLANG_WARN__DUPLICATE_METHOD_MATCH = YES;
				"CODE_SIGN_IDENTITY[sdk=iphoneos*]" = "iPhone Developer";
				COPY_PHASE_STRIP = NO;
				DEBUG_INFORMATION_FORMAT = "dwarf-with-dsym";
				ENABLE_NS_ASSERTIONS = NO;
				ENABLE_STRICT_OBJC_MSGSEND = YES;
				GCC_C_LANGUAGE_STANDARD = gnu99;
				GCC_NO_COMMON_BLOCKS = YES;
				GCC_WARN_64_TO_32_BIT_CONVERSION = YES;
				GCC_WARN_ABOUT_RETURN_TYPE = YES_ERROR;
				GCC_WARN_UNDECLARED_SELECTOR = YES;
				GCC_WARN_UNINITIALIZED_AUTOS = YES_AGGRESSIVE;
				GCC_WARN_UNUSED_FUNCTION = YES;
				GCC_WARN_UNUSED_VARIABLE = YES;
				IPHONEOS_DEPLOYMENT_TARGET = 9.3;
				MTL_ENABLE_DEBUG_INFO = NO;
				SDKROOT = iphoneos;
				TARGETED_DEVICE_FAMILY = "1,2";
				VALIDATE_PRODUCT = YES;
			};
			name = Release;
		};
		11E920591D0D8C4300949D78 /* Debug */ = {
			isa = XCBuildConfiguration;
			buildSettings = {
				ASSETCATALOG_COMPILER_APPICON_NAME = AppIcon;
				INFOPLIST_FILE = predicate/Info.plist;
				LD_RUNPATH_SEARCH_PATHS = "$(inherited) @executable_path/Frameworks";
				PRODUCT_BUNDLE_IDENTIFIER = JB.predicate;
				PRODUCT_NAME = "$(TARGET_NAME)";
			};
			name = Debug;
		};
		11E9205A1D0D8C4300949D78 /* Release */ = {
			isa = XCBuildConfiguration;
			buildSettings = {
				ASSETCATALOG_COMPILER_APPICON_NAME = AppIcon;
				INFOPLIST_FILE = predicate/Info.plist;
				LD_RUNPATH_SEARCH_PATHS = "$(inherited) @executable_path/Frameworks";
				PRODUCT_BUNDLE_IDENTIFIER = JB.predicate;
				PRODUCT_NAME = "$(TARGET_NAME)";
			};
			name = Release;
		};
		11E9205C1D0D8C4300949D78 /* Debug */ = {
			isa = XCBuildConfiguration;
			buildSettings = {
				BUNDLE_LOADER = "$(TEST_HOST)";
				INFOPLIST_FILE = predicateTests/Info.plist;
				LD_RUNPATH_SEARCH_PATHS = "$(inherited) @executable_path/Frameworks @loader_path/Frameworks";
				PRODUCT_BUNDLE_IDENTIFIER = JB.predicateTests;
				PRODUCT_NAME = "$(TARGET_NAME)";
				TEST_HOST = "$(BUILT_PRODUCTS_DIR)/predicate.app/predicate";
			};
			name = Debug;
		};
		11E9205D1D0D8C4300949D78 /* Release */ = {
			isa = XCBuildConfiguration;
			buildSettings = {
				BUNDLE_LOADER = "$(TEST_HOST)";
				INFOPLIST_FILE = predicateTests/Info.plist;
				LD_RUNPATH_SEARCH_PATHS = "$(inherited) @executable_path/Frameworks @loader_path/Frameworks";
				PRODUCT_BUNDLE_IDENTIFIER = JB.predicateTests;
				PRODUCT_NAME = "$(TARGET_NAME)";
				TEST_HOST = "$(BUILT_PRODUCTS_DIR)/predicate.app/predicate";
			};
			name = Release;
		};
/* End XCBuildConfiguration section */

/* Begin XCConfigurationList section */
		11E920311D0D8C4300949D78 /* Build configuration list for PBXProject "predicate" */ = {
			isa = XCConfigurationList;
			buildConfigurations = (
				11E920561D0D8C4300949D78 /* Debug */,
				11E920571D0D8C4300949D78 /* Release */,
			);
			defaultConfigurationIsVisible = 0;
			defaultConfigurationName = Release;
		};
		11E920581D0D8C4300949D78 /* Build configuration list for PBXNativeTarget "predicate" */ = {
			isa = XCConfigurationList;
			buildConfigurations = (
				11E920591D0D8C4300949D78 /* Debug */,
				11E9205A1D0D8C4300949D78 /* Release */,
			);
			defaultConfigurationIsVisible = 0;
		};
		11E9205B1D0D8C4300949D78 /* Build configuration list for PBXNativeTarget "predicateTests" */ = {
			isa = XCConfigurationList;
			buildConfigurations = (
				11E9205C1D0D8C4300949D78 /* Debug */,
				11E9205D1D0D8C4300949D78 /* Release */,
			);
			defaultConfigurationIsVisible = 0;
		};
/* End XCConfigurationList section */
	};
	rootObject = 11E9202E1D0D8C4300949D78 /* Project object */;
}
