// !$*UTF8*$!
{
	archiveVersion = 1;
	classes = {
	};
	objectVersion = 46;
	objects = {

/* Begin PBXBuildFile section */
		1116593D1CC481D100618919 /* main.m in Sources */ = {isa = PBXBuildFile; fileRef = 1116593C1CC481D100618919 /* main.m */; };
		111659401CC481D100618919 /* AppDelegate.m in Sources */ = {isa = PBXBuildFile; fileRef = 1116593F1CC481D100618919 /* AppDelegate.m */; };
		111659431CC481D100618919 /* ViewController.m in Sources */ = {isa = PBXBuildFile; fileRef = 111659421CC481D100618919 /* ViewController.m */; };
		111659461CC481D100618919 /* Main.storyboard in Resources */ = {isa = PBXBuildFile; fileRef = 111659441CC481D100618919 /* Main.storyboard */; };
		111659481CC481D100618919 /* Assets.xcassets in Resources */ = {isa = PBXBuildFile; fileRef = 111659471CC481D100618919 /* Assets.xcassets */; };
		1116594B1CC481D100618919 /* LaunchScreen.storyboard in Resources */ = {isa = PBXBuildFile; fileRef = 111659491CC481D100618919 /* LaunchScreen.storyboard */; };
		111659541CC481ED00618919 /* ToPinYin.m in Sources */ = {isa = PBXBuildFile; fileRef = 111659531CC481ED00618919 /* ToPinYin.m */; };
		111659561CC48C5800618919 /* names.plist in Resources */ = {isa = PBXBuildFile; fileRef = 111659551CC48C5800618919 /* names.plist */; };
		111659591CC4D48900618919 /* YQChineseTransferHelper.m in Sources */ = {isa = PBXBuildFile; fileRef = 111659581CC4D48900618919 /* YQChineseTransferHelper.m */; };
/* End PBXBuildFile section */

/* Begin PBXFileReference section */
		111659381CC481D100618919 /* ToPinYin.app */ = {isa = PBXFileReference; explicitFileType = wrapper.application; includeInIndex = 0; path = ToPinYin.app; sourceTree = BUILT_PRODUCTS_DIR; };
		1116593C1CC481D100618919 /* main.m */ = {isa = PBXFileReference; lastKnownFileType = sourcecode.c.objc; path = main.m; sourceTree = "<group>"; };
		1116593E1CC481D100618919 /* AppDelegate.h */ = {isa = PBXFileReference; lastKnownFileType = sourcecode.c.h; path = AppDelegate.h; sourceTree = "<group>"; };
		1116593F1CC481D100618919 /* AppDelegate.m */ = {isa = PBXFileReference; lastKnownFileType = sourcecode.c.objc; path = AppDelegate.m; sourceTree = "<group>"; };
		111659411CC481D100618919 /* ViewController.h */ = {isa = PBXFileReference; lastKnownFileType = sourcecode.c.h; path = ViewController.h; sourceTree = "<group>"; };
		111659421CC481D100618919 /* ViewController.m */ = {isa = PBXFileReference; lastKnownFileType = sourcecode.c.objc; path = ViewController.m; sourceTree = "<group>"; };
		111659451CC481D100618919 /* Base */ = {isa = PBXFileReference; lastKnownFileType = file.storyboard; name = Base; path = Base.lproj/Main.storyboard; sourceTree = "<group>"; };
		111659471CC481D100618919 /* Assets.xcassets */ = {isa = PBXFileReference; lastKnownFileType = folder.assetcatalog; path = Assets.xcassets; sourceTree = "<group>"; };
		1116594A1CC481D100618919 /* Base */ = {isa = PBXFileReference; lastKnownFileType = file.storyboard; name = Base; path = Base.lproj/LaunchScreen.storyboard; sourceTree = "<group>"; };
		1116594C1CC481D100618919 /* Info.plist */ = {isa = PBXFileReference; lastKnownFileType = text.plist.xml; path = Info.plist; sourceTree = "<group>"; };
		111659521CC481ED00618919 /* ToPinYin.h */ = {isa = PBXFileReference; fileEncoding = 4; lastKnownFileType = sourcecode.c.h; path = ToPinYin.h; sourceTree = "<group>"; };
		111659531CC481ED00618919 /* ToPinYin.m */ = {isa = PBXFileReference; fileEncoding = 4; lastKnownFileType = sourcecode.c.objc; path = ToPinYin.m; sourceTree = "<group>"; };
		111659551CC48C5800618919 /* names.plist */ = {isa = PBXFileReference; fileEncoding = 4; lastKnownFileType = text.plist.xml; path = names.plist; sourceTree = "<group>"; };
		111659571CC4D48900618919 /* YQChineseTransferHelper.h */ = {isa = PBXFileReference; fileEncoding = 4; lastKnownFileType = sourcecode.c.h; path = YQChineseTransferHelper.h; sourceTree = "<group>"; };
		111659581CC4D48900618919 /* YQChineseTransferHelper.m */ = {isa = PBXFileReference; fileEncoding = 4; lastKnownFileType = sourcecode.c.objc; path = YQChineseTransferHelper.m; sourceTree = "<group>"; };
/* End PBXFileReference section */

/* Begin PBXFrameworksBuildPhase section */
		111659351CC481D100618919 /* Frameworks */ = {
			isa = PBXFrameworksBuildPhase;
			buildActionMask = 2147483647;
			files = (
			);
			runOnlyForDeploymentPostprocessing = 0;
		};
/* End PBXFrameworksBuildPhase section */

/* Begin PBXGroup section */
		1116592F1CC481D100618919 = {
			isa = PBXGroup;
			children = (
				1116593A1CC481D100618919 /* ToPinYin */,
				111659391CC481D100618919 /* Products */,
			);
			sourceTree = "<group>";
		};
		111659391CC481D100618919 /* Products */ = {
			isa = PBXGroup;
			children = (
				111659381CC481D100618919 /* ToPinYin.app */,
			);
			name = Products;
			sourceTree = "<group>";
		};
		1116593A1CC481D100618919 /* ToPinYin */ = {
			isa = PBXGroup;
			children = (
				111659571CC4D48900618919 /* YQChineseTransferHelper.h */,
				111659581CC4D48900618919 /* YQChineseTransferHelper.m */,
				1116593E1CC481D100618919 /* AppDelegate.h */,
				1116593F1CC481D100618919 /* AppDelegate.m */,
				111659411CC481D100618919 /* ViewController.h */,
				111659421CC481D100618919 /* ViewController.m */,
				111659441CC481D100618919 /* Main.storyboard */,
				111659471CC481D100618919 /* Assets.xcassets */,
				111659491CC481D100618919 /* LaunchScreen.storyboard */,
				1116594C1CC481D100618919 /* Info.plist */,
				1116593B1CC481D100618919 /* Supporting Files */,
				111659521CC481ED00618919 /* ToPinYin.h */,
				111659531CC481ED00618919 /* ToPinYin.m */,
				111659551CC48C5800618919 /* names.plist */,
			);
			path = ToPinYin;
			sourceTree = "<group>";
		};
		1116593B1CC481D100618919 /* Supporting Files */ = {
			isa = PBXGroup;
			children = (
				1116593C1CC481D100618919 /* main.m */,
			);
			name = "Supporting Files";
			sourceTree = "<group>";
		};
/* End PBXGroup section */

/* Begin PBXNativeTarget section */
		111659371CC481D100618919 /* ToPinYin */ = {
			isa = PBXNativeTarget;
			buildConfigurationList = 1116594F1CC481D100618919 /* Build configuration list for PBXNativeTarget "ToPinYin" */;
			buildPhases = (
				111659341CC481D100618919 /* Sources */,
				111659351CC481D100618919 /* Frameworks */,
				111659361CC481D100618919 /* Resources */,
			);
			buildRules = (
			);
			dependencies = (
			);
			name = ToPinYin;
			productName = ToPinYin;
			productReference = 111659381CC481D100618919 /* ToPinYin.app */;
			productType = "com.apple.product-type.application";
		};
/* End PBXNativeTarget section */

/* Begin PBXProject section */
		111659301CC481D100618919 /* Project object */ = {
			isa = PBXProject;
			attributes = {
				LastUpgradeCheck = 0730;
				ORGANIZATIONNAME = JustBen;
				TargetAttributes = {
					111659371CC481D100618919 = {
						CreatedOnToolsVersion = 7.3;
					};
				};
			};
			buildConfigurationList = 111659331CC481D100618919 /* Build configuration list for PBXProject "ToPinYin" */;
			compatibilityVersion = "Xcode 3.2";
			developmentRegion = English;
			hasScannedForEncodings = 0;
			knownRegions = (
				en,
				Base,
			);
			mainGroup = 1116592F1CC481D100618919;
			productRefGroup = 111659391CC481D100618919 /* Products */;
			projectDirPath = "";
			projectRoot = "";
			targets = (
				111659371CC481D100618919 /* ToPinYin */,
			);
		};
/* End PBXProject section */

/* Begin PBXResourcesBuildPhase section */
		111659361CC481D100618919 /* Resources */ = {
			isa = PBXResourcesBuildPhase;
			buildActionMask = 2147483647;
			files = (
				1116594B1CC481D100618919 /* LaunchScreen.storyboard in Resources */,
				111659561CC48C5800618919 /* names.plist in Resources */,
				111659481CC481D100618919 /* Assets.xcassets in Resources */,
				111659461CC481D100618919 /* Main.storyboard in Resources */,
			);
			runOnlyForDeploymentPostprocessing = 0;
		};
/* End PBXResourcesBuildPhase section */

/* Begin PBXSourcesBuildPhase section */
		111659341CC481D100618919 /* Sources */ = {
			isa = PBXSourcesBuildPhase;
			buildActionMask = 2147483647;
			files = (
				111659591CC4D48900618919 /* YQChineseTransferHelper.m in Sources */,
				111659431CC481D100618919 /* ViewController.m in Sources */,
				111659401CC481D100618919 /* AppDelegate.m in Sources */,
				1116593D1CC481D100618919 /* main.m in Sources */,
				111659541CC481ED00618919 /* ToPinYin.m in Sources */,
			);
			runOnlyForDeploymentPostprocessing = 0;
		};
/* End PBXSourcesBuildPhase section */

/* Begin PBXVariantGroup section */
		111659441CC481D100618919 /* Main.storyboard */ = {
			isa = PBXVariantGroup;
			children = (
				111659451CC481D100618919 /* Base */,
			);
			name = Main.storyboard;
			sourceTree = "<group>";
		};
		111659491CC481D100618919 /* LaunchScreen.storyboard */ = {
			isa = PBXVariantGroup;
			children = (
				1116594A1CC481D100618919 /* Base */,
			);
			name = LaunchScreen.storyboard;
			sourceTree = "<group>";
		};
/* End PBXVariantGroup section */

/* Begin XCBuildConfiguration section */
		1116594D1CC481D100618919 /* Debug */ = {
			isa = XCBuildConfiguration;
			buildSettings = {
				ALWAYS_SEARCH_USER_PATHS = NO;
				CLANG_ANALYZER_NONNULL = YES;
				CLANG_CXX_LANGUAGE_STANDARD = "gnu++0x";
				CLANG_CXX_LIBRARY = "libc++";
				CLANG_ENABLE_MODULES = YES;
				CLANG_ENABLE_OBJC_ARC = YES;
				CLANG_WARN_BOOL_CONVERSION = YES;
				CLANG_WARN_CONSTANT_CONVERSION = YES;
				CLANG_WARN_DIRECT_OBJC_ISA_USAGE = YES_ERROR;
				CLANG_WARN_EMPTY_BODY = YES;
				CLANG_WARN_ENUM_CONVERSION = YES;
				CLANG_WARN_INT_CONVERSION = YES;
				CLANG_WARN_OBJC_ROOT_CLASS = YES_ERROR;
				CLANG_WARN_UNREACHABLE_CODE = YES;
				CLANG_WARN__DUPLICATE_METHOD_MATCH = YES;
				"CODE_SIGN_IDENTITY[sdk=iphoneos*]" = "iPhone Developer";
				COPY_PHASE_STRIP = NO;
				DEBUG_INFORMATION_FORMAT = dwarf;
				ENABLE_STRICT_OBJC_MSGSEND = YES;
				ENABLE_TESTABILITY = YES;
				GCC_C_LANGUAGE_STANDARD = gnu99;
				GCC_DYNAMIC_NO_PIC = NO;
				GCC_NO_COMMON_BLOCKS = YES;
				GCC_OPTIMIZATION_LEVEL = 0;
				GCC_PREPROCESSOR_DEFINITIONS = (
					"DEBUG=1",
					"$(inherited)",
				);
				GCC_WARN_64_TO_32_BIT_CONVERSION = YES;
				GCC_WARN_ABOUT_RETURN_TYPE = YES_ERROR;
				GCC_WARN_UNDECLARED_SELECTOR = YES;
				GCC_WARN_UNINITIALIZED_AUTOS = YES_AGGRESSIVE;
				GCC_WARN_UNUSED_FUNCTION = YES;
				GCC_WARN_UNUSED_VARIABLE = YES;
				IPHONEOS_DEPLOYMENT_TARGET = 9.3;
				MTL_ENABLE_DEBUG_INFO = YES;
				ONLY_ACTIVE_ARCH = YES;
				SDKROOT = iphoneos;
				TARGETED_DEVICE_FAMILY = "1,2";
			};
			name = Debug;
		};
		1116594E1CC481D100618919 /* Release */ = {
			isa = XCBuildConfiguration;
			buildSettings = {
				ALWAYS_SEARCH_USER_PATHS = NO;
				CLANG_ANALYZER_NONNULL = YES;
				CLANG_CXX_LANGUAGE_STANDARD = "gnu++0x";
				CLANG_CXX_LIBRARY = "libc++";
				CLANG_ENABLE_MODULES = YES;
				CLANG_ENABLE_OBJC_ARC = YES;
				CLANG_WARN_BOOL_CONVERSION = YES;
				CLANG_WARN_CONSTANT_CONVERSION = YES;
				CLANG_WARN_DIRECT_OBJC_ISA_USAGE = YES_ERROR;
				CLANG_WARN_EMPTY_BODY = YES;
				CLANG_WARN_ENUM_CONVERSION = YES;
				CLANG_WARN_INT_CONVERSION = YES;
				CLANG_WARN_OBJC_ROOT_CLASS = YES_ERROR;
				CLANG_WARN_UNREACHABLE_CODE = YES;
				CLANG_WARN__DUPLICATE_METHOD_MATCH = YES;
				"CODE_SIGN_IDENTITY[sdk=iphoneos*]" = "iPhone Developer";
				COPY_PHASE_STRIP = NO;
				DEBUG_INFORMATION_FORMAT = "dwarf-with-dsym";
				ENABLE_NS_ASSERTIONS = NO;
				ENABLE_STRICT_OBJC_MSGSEND = YES;
				GCC_C_LANGUAGE_STANDARD = gnu99;
				GCC_NO_COMMON_BLOCKS = YES;
				GCC_WARN_64_TO_32_BIT_CONVERSION = YES;
				GCC_WARN_ABOUT_RETURN_TYPE = YES_ERROR;
				GCC_WARN_UNDECLARED_SELECTOR = YES;
				GCC_WARN_UNINITIALIZED_AUTOS = YES_AGGRESSIVE;
				GCC_WARN_UNUSED_FUNCTION = YES;
				GCC_WARN_UNUSED_VARIABLE = YES;
				IPHONEOS_DEPLOYMENT_TARGET = 9.3;
				MTL_ENABLE_DEBUG_INFO = NO;
				SDKROOT = iphoneos;
				TARGETED_DEVICE_FAMILY = "1,2";
				VALIDATE_PRODUCT = YES;
			};
			name = Release;
		};
		111659501CC481D100618919 /* Debug */ = {
			isa = XCBuildConfiguration;
			buildSettings = {
				ASSETCATALOG_COMPILER_APPICON_NAME = AppIcon;
				INFOPLIST_FILE = ToPinYin/Info.plist;
				IPHONEOS_DEPLOYMENT_TARGET = 6.0;
				LD_RUNPATH_SEARCH_PATHS = "$(inherited) @executable_path/Frameworks";
				PRODUCT_BUNDLE_IDENTIFIER = JB.ToPinYin;
				PRODUCT_NAME = "$(TARGET_NAME)";
			};
			name = Debug;
		};
		111659511CC481D100618919 /* Release */ = {
			isa = XCBuildConfiguration;
			buildSettings = {
				ASSETCATALOG_COMPILER_APPICON_NAME = AppIcon;
				INFOPLIST_FILE = ToPinYin/Info.plist;
				IPHONEOS_DEPLOYMENT_TARGET = 6.0;
				LD_RUNPATH_SEARCH_PATHS = "$(inherited) @executable_path/Frameworks";
				PRODUCT_BUNDLE_IDENTIFIER = JB.ToPinYin;
				PRODUCT_NAME = "$(TARGET_NAME)";
			};
			name = Release;
		};
/* End XCBuildConfiguration section */

/* Begin XCConfigurationList section */
		111659331CC481D100618919 /* Build configuration list for PBXProject "ToPinYin" */ = {
			isa = XCConfigurationList;
			buildConfigurations = (
				1116594D1CC481D100618919 /* Debug */,
				1116594E1CC481D100618919 /* Release */,
			);
			defaultConfigurationIsVisible = 0;
			defaultConfigurationName = Release;
		};
		1116594F1CC481D100618919 /* Build configuration list for PBXNativeTarget "ToPinYin" */ = {
			isa = XCConfigurationList;
			buildConfigurations = (
				111659501CC481D100618919 /* Debug */,
				111659511CC481D100618919 /* Release */,
			);
			defaultConfigurationIsVisible = 0;
		};
/* End XCConfigurationList section */
	};
	rootObject = 111659301CC481D100618919 /* Project object */;
}
